{
  "version": 4,
  "terraform_version": "1.5.7",
  "serial": 53,
  "lineage": "fe5f0ab4-37aa-5eec-aa2a-7444824dbdf6",
  "outputs": {
    "canary_name": {
      "value": "networktest2-vpc-connectivity",
      "type": "string"
    },
    "canary_role_arn": {
      "value": "arn:aws:iam::430995045070:role/NetworkTest2-canary-role",
      "type": "string"
    }
  },
  "resources": [
    {
      "mode": "managed",
      "type": "aws_iam_role",
      "name": "canary_role",
      "provider": "provider[\"registry.terraform.io/hashicorp/aws\"]",
      "instances": [
        {
          "schema_version": 0,
          "attributes": {
            "arn": "arn:aws:iam::430995045070:role/NetworkTest2-canary-role",
            "assume_role_policy": "{\"Statement\":[{\"Action\":\"sts:AssumeRole\",\"Effect\":\"Allow\",\"Principal\":{\"Service\":[\"lambda.amazonaws.com\",\"synthetics.amazonaws.com\"]}}],\"Version\":\"2012-10-17\"}",
            "create_date": "2025-10-29T13:33:41Z",
            "description": "",
            "force_detach_policies": false,
            "id": "NetworkTest2-canary-role",
            "inline_policy": [],
            "managed_policy_arns": [],
            "max_session_duration": 3600,
            "name": "NetworkTest2-canary-role",
            "name_prefix": "",
            "path": "/",
            "permissions_boundary": "",
            "tags": null,
            "tags_all": {},
            "unique_id": "AROAWIWKOPLHHPOFL6SB6"
          },
          "sensitive_attributes": [],
          "private": "bnVsbA=="
        }
      ]
    },
    {
      "mode": "managed",
      "type": "aws_iam_role_policy",
      "name": "canary_s3_access",
      "provider": "provider[\"registry.terraform.io/hashicorp/aws\"]",
      "instances": [
        {
          "schema_version": 0,
          "attributes": {
            "id": "NetworkTest2-canary-role:NetworkTest2-canary-s3-access",
            "name": "NetworkTest2-canary-s3-access",
            "name_prefix": "",
            "policy": "{\"Version\":\"2012-10-17\",\"Statement\":[{\"Action\":[\"s3:PutObject\",\"s3:GetBucketLocation\",\"s3:ListBucket\"],\"Effect\":\"Allow\",\"Resource\":[\"arn:aws:s3:::canary-artifacts-buckettest\",\"arn:aws:s3:::canary-artifacts-buckettest/*\"]}]}",
            "role": "NetworkTest2-canary-role"
          },
          "sensitive_attributes": [],
          "private": "bnVsbA==",
          "dependencies": [
            "aws_iam_role.canary_role",
            "aws_s3_bucket.canary_bucket"
          ]
        }
      ]
    },
    {
      "mode": "managed",
      "type": "aws_iam_role_policy",
      "name": "canary_vpc_policy",
      "provider": "provider[\"registry.terraform.io/hashicorp/aws\"]",
      "instances": [
        {
          "schema_version": 0,
          "attributes": {
            "id": "NetworkTest2-canary-role:NetworkTest2-canary-vpc-policy",
            "name": "NetworkTest2-canary-vpc-policy",
            "name_prefix": "",
            "policy": "{\"Version\":\"2012-10-17\",\"Statement\":[{\"Action\":[\"ec2:CreateNetworkInterface\",\"ec2:DescribeNetworkInterfaces\",\"ec2:DeleteNetworkInterface\"],\"Effect\":\"Allow\",\"Resource\":\"*\"}]}",
            "role": "NetworkTest2-canary-role"
          },
          "sensitive_attributes": [],
          "private": "bnVsbA==",
          "dependencies": [
            "aws_iam_role.canary_role"
          ]
        }
      ]
    },
    {
      "mode": "managed",
      "type": "aws_iam_role_policy_attachment",
      "name": "canary_policy",
      "provider": "provider[\"registry.terraform.io/hashicorp/aws\"]",
      "instances": [
        {
          "schema_version": 0,
          "attributes": {
            "id": "NetworkTest2-canary-role/arn:aws:iam::aws:policy/CloudWatchSyntheticsFullAccess",
            "policy_arn": "arn:aws:iam::aws:policy/CloudWatchSyntheticsFullAccess",
            "role": "NetworkTest2-canary-role"
          },
          "sensitive_attributes": [],
          "private": "bnVsbA==",
          "dependencies": [
            "aws_iam_role.canary_role"
          ]
        }
      ]
    },
    {
      "mode": "managed",
      "type": "aws_iam_role_policy_attachment",
      "name": "lambda_policy",
      "provider": "provider[\"registry.terraform.io/hashicorp/aws\"]",
      "instances": [
        {
          "schema_version": 0,
          "attributes": {
            "id": "NetworkTest2-canary-role/arn:aws:iam::aws:policy/service-role/AWSLambdaBasicExecutionRole",
            "policy_arn": "arn:aws:iam::aws:policy/service-role/AWSLambdaBasicExecutionRole",
            "role": "NetworkTest2-canary-role"
          },
          "sensitive_attributes": [],
          "private": "bnVsbA==",
          "dependencies": [
            "aws_iam_role.canary_role"
          ]
        }
      ]
    },
    {
      "mode": "managed",
      "type": "aws_s3_bucket",
      "name": "canary_bucket",
      "provider": "provider[\"registry.terraform.io/hashicorp/aws\"]",
      "instances": [
        {
          "schema_version": 0,
          "attributes": {
            "acceleration_status": "",
            "acl": null,
            "arn": "arn:aws:s3:::canary-artifacts-buckettest",
            "bucket": "canary-artifacts-buckettest",
            "bucket_domain_name": "canary-artifacts-buckettest.s3.amazonaws.com",
            "bucket_prefix": "",
            "bucket_region": "eu-west-2",
            "bucket_regional_domain_name": "canary-artifacts-buckettest.s3.eu-west-2.amazonaws.com",
            "cors_rule": [],
            "force_destroy": true,
            "grant": [
              {
                "id": "03342ed43cea28641939811ed085f1c755ea0c1bbbbbb44c1aa18bcfc077b00c",
                "permissions": [
                  "FULL_CONTROL"
                ],
                "type": "CanonicalUser",
                "uri": ""
              }
            ],
            "hosted_zone_id": "Z3GKZC51ZF0DB4",
            "id": "canary-artifacts-buckettest",
            "lifecycle_rule": [],
            "logging": [],
            "object_lock_configuration": [],
            "object_lock_enabled": false,
            "policy": "{\"Statement\":[{\"Action\":\"s3:*\",\"Condition\":{\"Bool\":{\"aws:SecureTransport\":\"false\"}},\"Effect\":\"Deny\",\"Principal\":\"*\",\"Resource\":[\"arn:aws:s3:::canary-artifacts-buckettest\",\"arn:aws:s3:::canary-artifacts-buckettest/*\"],\"Sid\":\"AllowSSLRequestsOnly_wjdi9e\"}],\"Version\":\"2012-10-17\"}",
            "region": "eu-west-2",
            "replication_configuration": [],
            "request_payer": "BucketOwner",
            "server_side_encryption_configuration": [
              {
                "rule": [
                  {
                    "apply_server_side_encryption_by_default": [
                      {
                        "kms_master_key_id": "",
                        "sse_algorithm": "AES256"
                      }
                    ],
                    "bucket_key_enabled": false
                  }
                ]
              }
            ],
            "tags": {
              "Environment": "NetworkTest2",
              "Name": "CanaryBucket"
            },
            "tags_all": {
              "Environment": "NetworkTest2",
              "Name": "CanaryBucket"
            },
            "timeouts": null,
            "versioning": [
              {
                "enabled": false,
                "mfa_delete": false
              }
            ],
            "website": [],
            "website_domain": null,
            "website_endpoint": null
          },
          "sensitive_attributes": [],
          "private": "eyJlMmJmYjczMC1lY2FhLTExZTYtOGY4OC0zNDM2M2JjN2M0YzAiOnsiY3JlYXRlIjoxMjAwMDAwMDAwMDAwLCJkZWxldGUiOjM2MDAwMDAwMDAwMDAsInJlYWQiOjEyMDAwMDAwMDAwMDAsInVwZGF0ZSI6MTIwMDAwMDAwMDAwMH19"
        }
      ]
    },
    {
      "mode": "managed",
      "type": "aws_s3_object",
      "name": "canary_script",
      "provider": "provider[\"registry.terraform.io/hashicorp/aws\"]",
      "instances": [
        {
          "schema_version": 0,
          "attributes": {
            "acl": null,
            "arn": "arn:aws:s3:::canary-artifacts-buckettest/scripts/connectivity_check.py.zip",
            "bucket": "canary-artifacts-buckettest",
            "bucket_key_enabled": false,
            "cache_control": "",
            "checksum_algorithm": null,
            "checksum_crc32": "",
            "checksum_crc32c": "",
            "checksum_crc64nvme": "",
            "checksum_sha1": "",
            "checksum_sha256": "",
            "content": null,
            "content_base64": null,
            "content_disposition": "",
            "content_encoding": "",
            "content_language": "",
            "content_type": "application/octet-stream",
            "etag": "93f1132873323ce0d660a15af1a2b9a9",
            "force_destroy": false,
            "id": "canary-artifacts-buckettest/scripts/connectivity_check.py.zip",
            "key": "scripts/connectivity_check.py.zip",
            "kms_key_id": null,
            "metadata": {},
            "object_lock_legal_hold_status": "",
            "object_lock_mode": "",
            "object_lock_retain_until_date": "",
            "override_provider": [],
            "region": "eu-west-2",
            "server_side_encryption": "AES256",
            "source": "./scripts/connectivity_check.py.zip",
            "source_hash": null,
            "storage_class": "STANDARD",
            "tags": {},
            "tags_all": {},
            "version_id": "",
            "website_redirect": ""
          },
          "sensitive_attributes": [],
          "private": "bnVsbA==",
          "dependencies": [
            "aws_s3_bucket.canary_bucket"
          ]
        }
      ]
    },
    {
      "mode": "managed",
      "type": "aws_synthetics_canary",
      "name": "vpc_connectivity",
      "provider": "provider[\"registry.terraform.io/hashicorp/aws\"]",
      "instances": [
        {
          "schema_version": 0,
          "attributes": {
            "arn": "arn:aws:synthetics:eu-west-2:430995045070:canary:networktest2-vpc-connectivity",
            "artifact_config": [],
            "artifact_s3_location": "canary-artifacts-buckettest/",
            "delete_lambda": false,
            "engine_arn": "arn:aws:lambda:eu-west-2:430995045070:function:cwsyn-networktest2-vpc-conn-00949562-9f3a-48c9-8090-2a42be518bb4:1",
            "execution_role_arn": "arn:aws:iam::430995045070:role/NetworkTest2-canary-role",
            "failure_retention_period": 31,
            "handler": "connectivity_check.handler",
            "id": "networktest2-vpc-connectivity",
            "name": "networktest2-vpc-connectivity",
            "region": "eu-west-2",
            "run_config": [
              {
                "active_tracing": false,
                "environment_variables": {
                  "ALLOWED_PORTS": "443",
                  "DENIED_PORTS": "22,25",
                  "TARGET_IPS": "10.252.34.44"
                },
                "ephemeral_storage": 1024,
                "memory_in_mb": 1500,
                "timeout_in_seconds": 300
              }
            ],
            "runtime_version": "syn-python-selenium-7.0",
            "s3_bucket": "canary-artifacts-buckettest",
            "s3_key": "scripts/connectivity_check.py.zip",
            "s3_version": null,
            "schedule": [
              {
                "duration_in_seconds": 0,
                "expression": "rate(5 minutes)",
                "retry_config": [
                  {
                    "max_retries": 0
                  }
                ]
              }
            ],
            "source_location_arn": "arn:aws:lambda:eu-west-2:430995045070:layer:cwsyn-networktest2-vpc-conn-00949562-9f3a-48c9-8090-2a42be518bb4:1",
            "start_canary": true,
            "status": "RUNNING",
            "success_retention_period": 31,
            "tags": {
              "Environment": "NetworkTest2",
              "Name": "VPCConnectivityCanary"
            },
            "tags_all": {
              "Environment": "NetworkTest2",
              "Name": "VPCConnectivityCanary"
            },
            "timeline": [
              {
                "created": "2025-10-29T13:33:49Z",
                "last_modified": "2025-10-29T13:34:19Z",
                "last_started": "2025-10-29T13:34:19Z",
                "last_stopped": ""
              }
            ],
            "vpc_config": [
              {
                "ipv6_allowed_for_dual_stack": false,
                "security_group_ids": [
                  "sg-03bc57dec5969ed9a"
                ],
                "subnet_ids": [
                  "subnet-067fb0af2f3949340"
                ],
                "vpc_id": "vpc-0c6304138b1a3a4de"
              }
            ],
            "zip_file": null
          },
          "sensitive_attributes": [],
          "private": "bnVsbA==",
          "dependencies": [
            "aws_iam_role.canary_role",
            "aws_s3_bucket.canary_bucket",
            "aws_s3_object.canary_script"
          ]
        }
      ]
    }
  ],
  "check_results": null
}
