{
  "version": 4,
  "terraform_version": "1.5.7",
  "serial": 23,
  "lineage": "fe5f0ab4-37aa-5eec-aa2a-7444824dbdf6",
  "outputs": {
    "canary_name": {
      "value": "networktest2-vpc-connectivity",
      "type": "string"
    },
    "canary_role_arn": {
      "value": "arn:aws:iam::430995045070:role/NetworkTest2-canary-role",
      "type": "string"
    }
  },
  "resources": [
    {
      "mode": "managed",
      "type": "aws_iam_role",
      "name": "canary_role",
      "provider": "provider[\"registry.terraform.io/hashicorp/aws\"]",
      "instances": [
        {
          "schema_version": 0,
          "attributes": {
            "arn": "arn:aws:iam::430995045070:role/NetworkTest2-canary-role",
            "assume_role_policy": "{\"Statement\":[{\"Action\":\"sts:AssumeRole\",\"Effect\":\"Allow\",\"Principal\":{\"Service\":[\"lambda.amazonaws.com\",\"synthetics.amazonaws.com\"]}}],\"Version\":\"2012-10-17\"}",
            "create_date": "2025-10-29T12:53:52Z",
            "description": "",
            "force_detach_policies": false,
            "id": "NetworkTest2-canary-role",
            "inline_policy": [],
            "managed_policy_arns": [],
            "max_session_duration": 3600,
            "name": "NetworkTest2-canary-role",
            "name_prefix": "",
            "path": "/",
            "permissions_boundary": "",
            "tags": null,
            "tags_all": {},
            "unique_id": "AROAWIWKOPLHFFRMX23JG"
          },
          "sensitive_attributes": [],
          "private": "bnVsbA=="
        }
      ]
    },
    {
      "mode": "managed",
      "type": "aws_iam_role_policy_attachment",
      "name": "canary_policy",
      "provider": "provider[\"registry.terraform.io/hashicorp/aws\"]",
      "instances": [
        {
          "schema_version": 0,
          "attributes": {
            "id": "NetworkTest2-canary-role/arn:aws:iam::aws:policy/CloudWatchSyntheticsFullAccess",
            "policy_arn": "arn:aws:iam::aws:policy/CloudWatchSyntheticsFullAccess",
            "role": "NetworkTest2-canary-role"
          },
          "sensitive_attributes": [],
          "private": "bnVsbA==",
          "dependencies": [
            "aws_iam_role.canary_role"
          ]
        }
      ]
    },
    {
      "mode": "managed",
      "type": "aws_iam_role_policy_attachment",
      "name": "lambda_policy",
      "provider": "provider[\"registry.terraform.io/hashicorp/aws\"]",
      "instances": [
        {
          "schema_version": 0,
          "attributes": {
            "id": "NetworkTest2-canary-role/arn:aws:iam::aws:policy/service-role/AWSLambdaBasicExecutionRole",
            "policy_arn": "arn:aws:iam::aws:policy/service-role/AWSLambdaBasicExecutionRole",
            "role": "NetworkTest2-canary-role"
          },
          "sensitive_attributes": [],
          "private": "bnVsbA==",
          "dependencies": [
            "aws_iam_role.canary_role"
          ]
        }
      ]
    },
    {
      "mode": "managed",
      "type": "aws_s3_bucket",
      "name": "canary_bucket",
      "provider": "provider[\"registry.terraform.io/hashicorp/aws\"]",
      "instances": [
        {
          "schema_version": 0,
          "attributes": {
            "acceleration_status": "",
            "acl": null,
            "arn": "arn:aws:s3:::canary-artifacts-bucket2",
            "bucket": "canary-artifacts-bucket2",
            "bucket_domain_name": "canary-artifacts-bucket2.s3.amazonaws.com",
            "bucket_prefix": "",
            "bucket_region": "eu-west-2",
            "bucket_regional_domain_name": "canary-artifacts-bucket2.s3.eu-west-2.amazonaws.com",
            "cors_rule": [],
            "force_destroy": true,
            "grant": [
              {
                "id": "03342ed43cea28641939811ed085f1c755ea0c1bbbbbb44c1aa18bcfc077b00c",
                "permissions": [
                  "FULL_CONTROL"
                ],
                "type": "CanonicalUser",
                "uri": ""
              }
            ],
            "hosted_zone_id": "Z3GKZC51ZF0DB4",
            "id": "canary-artifacts-bucket2",
            "lifecycle_rule": [],
            "logging": [],
            "object_lock_configuration": [],
            "object_lock_enabled": false,
            "policy": "{\"Statement\":[{\"Action\":\"s3:*\",\"Condition\":{\"Bool\":{\"aws:SecureTransport\":\"false\"}},\"Effect\":\"Deny\",\"Principal\":\"*\",\"Resource\":[\"arn:aws:s3:::canary-artifacts-bucket2\",\"arn:aws:s3:::canary-artifacts-bucket2/*\"],\"Sid\":\"AllowSSLRequestsOnly_hrulte\"}],\"Version\":\"2012-10-17\"}",
            "region": "eu-west-2",
            "replication_configuration": [],
            "request_payer": "BucketOwner",
            "server_side_encryption_configuration": [
              {
                "rule": [
                  {
                    "apply_server_side_encryption_by_default": [
                      {
                        "kms_master_key_id": "",
                        "sse_algorithm": "AES256"
                      }
                    ],
                    "bucket_key_enabled": false
                  }
                ]
              }
            ],
            "tags": {
              "Environment": "NetworkTest2",
              "Name": "CanaryBucket"
            },
            "tags_all": {
              "Environment": "NetworkTest2",
              "Name": "CanaryBucket"
            },
            "timeouts": null,
            "versioning": [
              {
                "enabled": false,
                "mfa_delete": false
              }
            ],
            "website": [],
            "website_domain": null,
            "website_endpoint": null
          },
          "sensitive_attributes": [],
          "private": "eyJlMmJmYjczMC1lY2FhLTExZTYtOGY4OC0zNDM2M2JjN2M0YzAiOnsiY3JlYXRlIjoxMjAwMDAwMDAwMDAwLCJkZWxldGUiOjM2MDAwMDAwMDAwMDAsInJlYWQiOjEyMDAwMDAwMDAwMDAsInVwZGF0ZSI6MTIwMDAwMDAwMDAwMH19"
        }
      ]
    },
    {
      "mode": "managed",
      "type": "aws_s3_object",
      "name": "canary_script",
      "provider": "provider[\"registry.terraform.io/hashicorp/aws\"]",
      "instances": [
        {
          "schema_version": 0,
          "attributes": {
            "acl": null,
            "arn": "arn:aws:s3:::canary-artifacts-bucket2/scripts/connectivity_check.py.zip",
            "bucket": "canary-artifacts-bucket2",
            "bucket_key_enabled": false,
            "cache_control": "",
            "checksum_algorithm": null,
            "checksum_crc32": "",
            "checksum_crc32c": "",
            "checksum_crc64nvme": "",
            "checksum_sha1": "",
            "checksum_sha256": "",
            "content": null,
            "content_base64": null,
            "content_disposition": "",
            "content_encoding": "",
            "content_language": "",
            "content_type": "application/octet-stream",
            "etag": "7571058d24b0f67b6535f980f94cfa2d",
            "force_destroy": false,
            "id": "canary-artifacts-bucket2/scripts/connectivity_check.py.zip",
            "key": "scripts/connectivity_check.py.zip",
            "kms_key_id": null,
            "metadata": {},
            "object_lock_legal_hold_status": "",
            "object_lock_mode": "",
            "object_lock_retain_until_date": "",
            "override_provider": [],
            "region": "eu-west-2",
            "server_side_encryption": "AES256",
            "source": "./scripts/connectivity_check.py.zip",
            "source_hash": null,
            "storage_class": "STANDARD",
            "tags": {},
            "tags_all": {},
            "version_id": "",
            "website_redirect": ""
          },
          "sensitive_attributes": [],
          "private": "bnVsbA==",
          "dependencies": [
            "aws_s3_bucket.canary_bucket"
          ]
        }
      ]
    },
    {
      "mode": "managed",
      "type": "aws_synthetics_canary",
      "name": "vpc_connectivity",
      "provider": "provider[\"registry.terraform.io/hashicorp/aws\"]",
      "instances": [
        {
          "status": "tainted",
          "schema_version": 0,
          "attributes": {
            "arn": null,
            "artifact_config": [],
            "artifact_s3_location": "s3://canary-artifacts-bucket2/",
            "delete_lambda": false,
            "engine_arn": null,
            "execution_role_arn": "arn:aws:iam::430995045070:role/NetworkTest2-canary-role",
            "failure_retention_period": 31,
            "handler": "canary_script.handler",
            "id": "networktest2-vpc-connectivity",
            "name": "networktest2-vpc-connectivity",
            "region": "eu-west-2",
            "run_config": [
              {
                "active_tracing": false,
                "environment_variables": {
                  "ALLOWED_PORTS": "443",
                  "DENIED_PORTS": "22,25",
                  "TARGET_IPS": "10.252.34.44"
                },
                "ephemeral_storage": 0,
                "memory_in_mb": 0,
                "timeout_in_seconds": 0
              }
            ],
            "runtime_version": "syn-python-selenium-7.0",
            "s3_bucket": "canary-artifacts-bucket2",
            "s3_key": "scripts/connectivity_check.py.zip",
            "s3_version": null,
            "schedule": [
              {
                "duration_in_seconds": 0,
                "expression": "rate(5 minutes)",
                "retry_config": []
              }
            ],
            "source_location_arn": null,
            "start_canary": true,
            "status": null,
            "success_retention_period": 31,
            "tags": {
              "Environment": "NetworkTest2",
              "Name": "VPCConnectivityCanary"
            },
            "tags_all": {
              "Environment": "NetworkTest2",
              "Name": "VPCConnectivityCanary"
            },
            "timeline": null,
            "vpc_config": [
              {
                "ipv6_allowed_for_dual_stack": false,
                "security_group_ids": [
                  "sg-03bc57dec5969ed9a"
                ],
                "subnet_ids": [
                  "subnet-067fb0af2f3949340"
                ],
                "vpc_id": ""
              }
            ],
            "zip_file": null
          },
          "sensitive_attributes": [],
          "private": "bnVsbA==",
          "dependencies": [
            "aws_iam_role.canary_role",
            "aws_s3_bucket.canary_bucket",
            "aws_s3_object.canary_script"
          ]
        }
      ]
    }
  ],
  "check_results": null
}
